// !$*UTF8*$!
{
	archiveVersion = 1;
	classes = {
	};
	objectVersion = 50;
	objects = {

/* Begin PBXBuildFile section */
		095D320526E47A26009BAFE1 /* MemeMeModel.swift in Sources */ = {isa = PBXBuildFile; fileRef = 095D320426E47A26009BAFE1 /* MemeMeModel.swift */; };
		0971C19126EC555E009E2132 /* MemeMeSentMemesCollectionViewController.swift in Sources */ = {isa = PBXBuildFile; fileRef = 0971C19026EC555E009E2132 /* MemeMeSentMemesCollectionViewController.swift */; };
		09A9B95626DBA0210024332F /* AppDelegate.swift in Sources */ = {isa = PBXBuildFile; fileRef = 09A9B95526DBA0210024332F /* AppDelegate.swift */; };
		09A9B95826DBA0210024332F /* SceneDelegate.swift in Sources */ = {isa = PBXBuildFile; fileRef = 09A9B95726DBA0210024332F /* SceneDelegate.swift */; };
		09A9B95A26DBA0210024332F /* MemeMeMainViewController.swift in Sources */ = {isa = PBXBuildFile; fileRef = 09A9B95926DBA0210024332F /* MemeMeMainViewController.swift */; };
		09A9B95D26DBA0210024332F /* Main.storyboard in Resources */ = {isa = PBXBuildFile; fileRef = 09A9B95B26DBA0210024332F /* Main.storyboard */; };
		09A9B95F26DBA0220024332F /* Assets.xcassets in Resources */ = {isa = PBXBuildFile; fileRef = 09A9B95E26DBA0220024332F /* Assets.xcassets */; };
		09A9B96226DBA0220024332F /* LaunchScreen.storyboard in Resources */ = {isa = PBXBuildFile; fileRef = 09A9B96026DBA0220024332F /* LaunchScreen.storyboard */; };
/* End PBXBuildFile section */

/* Begin PBXFileReference section */
		095D320426E47A26009BAFE1 /* MemeMeModel.swift */ = {isa = PBXFileReference; lastKnownFileType = sourcecode.swift; path = MemeMeModel.swift; sourceTree = "<group>"; };
		0971C19026EC555E009E2132 /* MemeMeSentMemesCollectionViewController.swift */ = {isa = PBXFileReference; lastKnownFileType = sourcecode.swift; path = MemeMeSentMemesCollectionViewController.swift; sourceTree = "<group>"; };
		09A9B95226DBA0210024332F /* memeMe_iOS.app */ = {isa = PBXFileReference; explicitFileType = wrapper.application; includeInIndex = 0; path = memeMe_iOS.app; sourceTree = BUILT_PRODUCTS_DIR; };
		09A9B95526DBA0210024332F /* AppDelegate.swift */ = {isa = PBXFileReference; lastKnownFileType = sourcecode.swift; path = AppDelegate.swift; sourceTree = "<group>"; };
		09A9B95726DBA0210024332F /* SceneDelegate.swift */ = {isa = PBXFileReference; lastKnownFileType = sourcecode.swift; path = SceneDelegate.swift; sourceTree = "<group>"; };
		09A9B95926DBA0210024332F /* MemeMeMainViewController.swift */ = {isa = PBXFileReference; lastKnownFileType = sourcecode.swift; path = MemeMeMainViewController.swift; sourceTree = "<group>"; };
		09A9B95C26DBA0210024332F /* Base */ = {isa = PBXFileReference; lastKnownFileType = file.storyboard; name = Base; path = Base.lproj/Main.storyboard; sourceTree = "<group>"; };
		09A9B95E26DBA0220024332F /* Assets.xcassets */ = {isa = PBXFileReference; lastKnownFileType = folder.assetcatalog; path = Assets.xcassets; sourceTree = "<group>"; };
		09A9B96126DBA0220024332F /* Base */ = {isa = PBXFileReference; lastKnownFileType = file.storyboard; name = Base; path = Base.lproj/LaunchScreen.storyboard; sourceTree = "<group>"; };
		09A9B96326DBA0220024332F /* Info.plist */ = {isa = PBXFileReference; lastKnownFileType = text.plist.xml; path = Info.plist; sourceTree = "<group>"; };
/* End PBXFileReference section */

/* Begin PBXFrameworksBuildPhase section */
		09A9B94F26DBA0210024332F /* Frameworks */ = {
			isa = PBXFrameworksBuildPhase;
			buildActionMask = 2147483647;
			files = (
			);
			runOnlyForDeploymentPostprocessing = 0;
		};
/* End PBXFrameworksBuildPhase section */

/* Begin PBXGroup section */
		0971C18E26EC54A8009E2132 /* MemeMeSentMemesCollection */ = {
			isa = PBXGroup;
			children = (
				0971C19026EC555E009E2132 /* MemeMeSentMemesCollectionViewController.swift */,
			);
			path = MemeMeSentMemesCollection;
			sourceTree = "<group>";
		};
		0971C18F26EC54D0009E2132 /* MemeMeSentMemesTable */ = {
			isa = PBXGroup;
			children = (
			);
			path = MemeMeSentMemesTable;
			sourceTree = "<group>";
		};
		09A9B94926DBA0210024332F = {
			isa = PBXGroup;
			children = (
				09A9B95426DBA0210024332F /* memeMe_iOS */,
				09A9B95326DBA0210024332F /* Products */,
			);
			sourceTree = "<group>";
		};
		09A9B95326DBA0210024332F /* Products */ = {
			isa = PBXGroup;
			children = (
				09A9B95226DBA0210024332F /* memeMe_iOS.app */,
			);
			name = Products;
			sourceTree = "<group>";
		};
		09A9B95426DBA0210024332F /* memeMe_iOS */ = {
			isa = PBXGroup;
			children = (
				0971C18F26EC54D0009E2132 /* MemeMeSentMemesTable */,
				0971C18E26EC54A8009E2132 /* MemeMeSentMemesCollection */,
				09A9B95526DBA0210024332F /* AppDelegate.swift */,
				09A9B95726DBA0210024332F /* SceneDelegate.swift */,
				09A9B95926DBA0210024332F /* MemeMeMainViewController.swift */,
				09A9B95B26DBA0210024332F /* Main.storyboard */,
				09A9B95E26DBA0220024332F /* Assets.xcassets */,
				09A9B96026DBA0220024332F /* LaunchScreen.storyboard */,
				09A9B96326DBA0220024332F /* Info.plist */,
				095D320426E47A26009BAFE1 /* MemeMeModel.swift */,
			);
			path = memeMe_iOS;
			sourceTree = "<group>";
		};
/* End PBXGroup section */

/* Begin PBXNativeTarget section */
		09A9B95126DBA0210024332F /* memeMe_iOS */ = {
			isa = PBXNativeTarget;
			buildConfigurationList = 09A9B96626DBA0220024332F /* Build configuration list for PBXNativeTarget "memeMe_iOS" */;
			buildPhases = (
				09A9B94E26DBA0210024332F /* Sources */,
				09A9B94F26DBA0210024332F /* Frameworks */,
				09A9B95026DBA0210024332F /* Resources */,
			);
			buildRules = (
			);
			dependencies = (
			);
			name = memeMe_iOS;
			productName = memeMe_iOS;
			productReference = 09A9B95226DBA0210024332F /* memeMe_iOS.app */;
			productType = "com.apple.product-type.application";
		};
/* End PBXNativeTarget section */

/* Begin PBXProject section */
		09A9B94A26DBA0210024332F /* Project object */ = {
			isa = PBXProject;
			attributes = {
				LastSwiftUpdateCheck = 1250;
				LastUpgradeCheck = 1250;
				TargetAttributes = {
					09A9B95126DBA0210024332F = {
						CreatedOnToolsVersion = 12.5.1;
					};
				};
			};
			buildConfigurationList = 09A9B94D26DBA0210024332F /* Build configuration list for PBXProject "memeMe_iOS" */;
			compatibilityVersion = "Xcode 9.3";
			developmentRegion = en;
			hasScannedForEncodings = 0;
			knownRegions = (
				en,
				Base,
			);
			mainGroup = 09A9B94926DBA0210024332F;
			productRefGroup = 09A9B95326DBA0210024332F /* Products */;
			projectDirPath = "";
			projectRoot = "";
			targets = (
				09A9B95126DBA0210024332F /* memeMe_iOS */,
			);
		};
/* End PBXProject section */

/* Begin PBXResourcesBuildPhase section */
		09A9B95026DBA0210024332F /* Resources */ = {
			isa = PBXResourcesBuildPhase;
			buildActionMask = 2147483647;
			files = (
				09A9B96226DBA0220024332F /* LaunchScreen.storyboard in Resources */,
				09A9B95F26DBA0220024332F /* Assets.xcassets in Resources */,
				09A9B95D26DBA0210024332F /* Main.storyboard in Resources */,
			);
			runOnlyForDeploymentPostprocessing = 0;
		};
/* End PBXResourcesBuildPhase section */

/* Begin PBXSourcesBuildPhase section */
		09A9B94E26DBA0210024332F /* Sources */ = {
			isa = PBXSourcesBuildPhase;
			buildActionMask = 2147483647;
			files = (
				09A9B95A26DBA0210024332F /* MemeMeMainViewController.swift in Sources */,
				0971C19126EC555E009E2132 /* MemeMeSentMemesCollectionViewController.swift in Sources */,
				09A9B95626DBA0210024332F /* AppDelegate.swift in Sources */,
				09A9B95826DBA0210024332F /* SceneDelegate.swift in Sources */,
				095D320526E47A26009BAFE1 /* MemeMeModel.swift in Sources */,
			);
			runOnlyForDeploymentPostprocessing = 0;
		};
/* End PBXSourcesBuildPhase section */

/* Begin PBXVariantGroup section */
		09A9B95B26DBA0210024332F /* Main.storyboard */ = {
			isa = PBXVariantGroup;
			children = (
				09A9B95C26DBA0210024332F /* Base */,
			);
			name = Main.storyboard;
			sourceTree = "<group>";
		};
		09A9B96026DBA0220024332F /* LaunchScreen.storyboard */ = {
			isa = PBXVariantGroup;
			children = (
				09A9B96126DBA0220024332F /* Base */,
			);
			name = LaunchScreen.storyboard;
			sourceTree = "<group>";
		};
/* End PBXVariantGroup section */

/* Begin XCBuildConfiguration section */
		09A9B96426DBA0220024332F /* Debug */ = {
			isa = XCBuildConfiguration;
			buildSettings = {
				ALWAYS_SEARCH_USER_PATHS = NO;
				CLANG_ANALYZER_NONNULL = YES;
				CLANG_ANALYZER_NUMBER_OBJECT_CONVERSION = YES_AGGRESSIVE;
				CLANG_CXX_LANGUAGE_STANDARD = "gnu++14";
				CLANG_CXX_LIBRARY = "libc++";
				CLANG_ENABLE_MODULES = YES;
				CLANG_ENABLE_OBJC_ARC = YES;
				CLANG_ENABLE_OBJC_WEAK = YES;
				CLANG_WARN_BLOCK_CAPTURE_AUTORELEASING = YES;
				CLANG_WARN_BOOL_CONVERSION = YES;
				CLANG_WARN_COMMA = YES;
				CLANG_WARN_CONSTANT_CONVERSION = YES;
				CLANG_WARN_DEPRECATED_OBJC_IMPLEMENTATIONS = YES;
				CLANG_WARN_DIRECT_OBJC_ISA_USAGE = YES_ERROR;
				CLANG_WARN_DOCUMENTATION_COMMENTS = YES;
				CLANG_WARN_EMPTY_BODY = YES;
				CLANG_WARN_ENUM_CONVERSION = YES;
				CLANG_WARN_INFINITE_RECURSION = YES;
				CLANG_WARN_INT_CONVERSION = YES;
				CLANG_WARN_NON_LITERAL_NULL_CONVERSION = YES;
				CLANG_WARN_OBJC_IMPLICIT_RETAIN_SELF = YES;
				CLANG_WARN_OBJC_LITERAL_CONVERSION = YES;
				CLANG_WARN_OBJC_ROOT_CLASS = YES_ERROR;
				CLANG_WARN_QUOTED_INCLUDE_IN_FRAMEWORK_HEADER = YES;
				CLANG_WARN_RANGE_LOOP_ANALYSIS = YES;
				CLANG_WARN_STRICT_PROTOTYPES = YES;
				CLANG_WARN_SUSPICIOUS_MOVE = YES;
				CLANG_WARN_UNGUARDED_AVAILABILITY = YES_AGGRESSIVE;
				CLANG_WARN_UNREACHABLE_CODE = YES;
				CLANG_WARN__DUPLICATE_METHOD_MATCH = YES;
				COPY_PHASE_STRIP = NO;
				DEBUG_INFORMATION_FORMAT = dwarf;
				ENABLE_STRICT_OBJC_MSGSEND = YES;
				ENABLE_TESTABILITY = YES;
				GCC_C_LANGUAGE_STANDARD = gnu11;
				GCC_DYNAMIC_NO_PIC = NO;
				GCC_NO_COMMON_BLOCKS = YES;
				GCC_OPTIMIZATION_LEVEL = 0;
				GCC_PREPROCESSOR_DEFINITIONS = (
					"DEBUG=1",
					"$(inherited)",
				);
				GCC_WARN_64_TO_32_BIT_CONVERSION = YES;
				GCC_WARN_ABOUT_RETURN_TYPE = YES_ERROR;
				GCC_WARN_UNDECLARED_SELECTOR = YES;
				GCC_WARN_UNINITIALIZED_AUTOS = YES_AGGRESSIVE;
				GCC_WARN_UNUSED_FUNCTION = YES;
				GCC_WARN_UNUSED_VARIABLE = YES;
				IPHONEOS_DEPLOYMENT_TARGET = 14.5;
				MTL_ENABLE_DEBUG_INFO = INCLUDE_SOURCE;
				MTL_FAST_MATH = YES;
				ONLY_ACTIVE_ARCH = YES;
				SDKROOT = iphoneos;
				SWIFT_ACTIVE_COMPILATION_CONDITIONS = DEBUG;
				SWIFT_OPTIMIZATION_LEVEL = "-Onone";
			};
			name = Debug;
		};
		09A9B96526DBA0220024332F /* Release */ = {
			isa = XCBuildConfiguration;
			buildSettings = {
				ALWAYS_SEARCH_USER_PATHS = NO;
				CLANG_ANALYZER_NONNULL = YES;
				CLANG_ANALYZER_NUMBER_OBJECT_CONVERSION = YES_AGGRESSIVE;
				CLANG_CXX_LANGUAGE_STANDARD = "gnu++14";
				CLANG_CXX_LIBRARY = "libc++";
				CLANG_ENABLE_MODULES = YES;
				CLANG_ENABLE_OBJC_ARC = YES;
				CLANG_ENABLE_OBJC_WEAK = YES;
				CLANG_WARN_BLOCK_CAPTURE_AUTORELEASING = YES;
				CLANG_WARN_BOOL_CONVERSION = YES;
				CLANG_WARN_COMMA = YES;
				CLANG_WARN_CONSTANT_CONVERSION = YES;
				CLANG_WARN_DEPRECATED_OBJC_IMPLEMENTATIONS = YES;
				CLANG_WARN_DIRECT_OBJC_ISA_USAGE = YES_ERROR;
				CLANG_WARN_DOCUMENTATION_COMMENTS = YES;
				CLANG_WARN_EMPTY_BODY = YES;
				CLANG_WARN_ENUM_CONVERSION = YES;
				CLANG_WARN_INFINITE_RECURSION = YES;
				CLANG_WARN_INT_CONVERSION = YES;
				CLANG_WARN_NON_LITERAL_NULL_CONVERSION = YES;
				CLANG_WARN_OBJC_IMPLICIT_RETAIN_SELF = YES;
				CLANG_WARN_OBJC_LITERAL_CONVERSION = YES;
				CLANG_WARN_OBJC_ROOT_CLASS = YES_ERROR;
				CLANG_WARN_QUOTED_INCLUDE_IN_FRAMEWORK_HEADER = YES;
				CLANG_WARN_RANGE_LOOP_ANALYSIS = YES;
				CLANG_WARN_STRICT_PROTOTYPES = YES;
				CLANG_WARN_SUSPICIOUS_MOVE = YES;
				CLANG_WARN_UNGUARDED_AVAILABILITY = YES_AGGRESSIVE;
				CLANG_WARN_UNREACHABLE_CODE = YES;
				CLANG_WARN__DUPLICATE_METHOD_MATCH = YES;
				COPY_PHASE_STRIP = NO;
				DEBUG_INFORMATION_FORMAT = "dwarf-with-dsym";
				ENABLE_NS_ASSERTIONS = NO;
				ENABLE_STRICT_OBJC_MSGSEND = YES;
				GCC_C_LANGUAGE_STANDARD = gnu11;
				GCC_NO_COMMON_BLOCKS = YES;
				GCC_WARN_64_TO_32_BIT_CONVERSION = YES;
				GCC_WARN_ABOUT_RETURN_TYPE = YES_ERROR;
				GCC_WARN_UNDECLARED_SELECTOR = YES;
				GCC_WARN_UNINITIALIZED_AUTOS = YES_AGGRESSIVE;
				GCC_WARN_UNUSED_FUNCTION = YES;
				GCC_WARN_UNUSED_VARIABLE = YES;
				IPHONEOS_DEPLOYMENT_TARGET = 14.5;
				MTL_ENABLE_DEBUG_INFO = NO;
				MTL_FAST_MATH = YES;
				SDKROOT = iphoneos;
				SWIFT_COMPILATION_MODE = wholemodule;
				SWIFT_OPTIMIZATION_LEVEL = "-O";
				VALIDATE_PRODUCT = YES;
			};
			name = Release;
		};
		09A9B96726DBA0220024332F /* Debug */ = {
			isa = XCBuildConfiguration;
			buildSettings = {
				ASSETCATALOG_COMPILER_APPICON_NAME = AppIcon;
				ASSETCATALOG_COMPILER_GLOBAL_ACCENT_COLOR_NAME = AccentColor;
				CODE_SIGN_STYLE = Automatic;
				DEVELOPMENT_TEAM = R9WMBR2ZLA;
				INFOPLIST_FILE = memeMe_iOS/Info.plist;
				LD_RUNPATH_SEARCH_PATHS = (
					"$(inherited)",
					"@executable_path/Frameworks",
				);
				PRODUCT_BUNDLE_IDENTIFIER = "com.aBuiDev.memeMe-iOS";
				PRODUCT_NAME = "$(TARGET_NAME)";
				SWIFT_VERSION = 5.0;
				TARGETED_DEVICE_FAMILY = "1,2";
			};
			name = Debug;
		};
		09A9B96826DBA0220024332F /* Release */ = {
			isa = XCBuildConfiguration;
			buildSettings = {
				ASSETCATALOG_COMPILER_APPICON_NAME = AppIcon;
				ASSETCATALOG_COMPILER_GLOBAL_ACCENT_COLOR_NAME = AccentColor;
				CODE_SIGN_STYLE = Automatic;
				DEVELOPMENT_TEAM = R9WMBR2ZLA;
				INFOPLIST_FILE = memeMe_iOS/Info.plist;
				LD_RUNPATH_SEARCH_PATHS = (
					"$(inherited)",
					"@executable_path/Frameworks",
				);
				PRODUCT_BUNDLE_IDENTIFIER = "com.aBuiDev.memeMe-iOS";
				PRODUCT_NAME = "$(TARGET_NAME)";
				SWIFT_VERSION = 5.0;
				TARGETED_DEVICE_FAMILY = "1,2";
			};
			name = Release;
		};
/* End XCBuildConfiguration section */

/* Begin XCConfigurationList section */
		09A9B94D26DBA0210024332F /* Build configuration list for PBXProject "memeMe_iOS" */ = {
			isa = XCConfigurationList;
			buildConfigurations = (
				09A9B96426DBA0220024332F /* Debug */,
				09A9B96526DBA0220024332F /* Release */,
			);
			defaultConfigurationIsVisible = 0;
			defaultConfigurationName = Release;
		};
		09A9B96626DBA0220024332F /* Build configuration list for PBXNativeTarget "memeMe_iOS" */ = {
			isa = XCConfigurationList;
			buildConfigurations = (
				09A9B96726DBA0220024332F /* Debug */,
				09A9B96826DBA0220024332F /* Release */,
			);
			defaultConfigurationIsVisible = 0;
			defaultConfigurationName = Release;
		};
/* End XCConfigurationList section */
	};
	rootObject = 09A9B94A26DBA0210024332F /* Project object */;
}
